
Microsoft Visual Studio Solution File, Format Version 12.00
# Visual Studio 2012
Project("{FAE04EC0-301F-11D3-BF4B-00C04F79EFBC}") = "Naxam.PlacesAuto.Droid", "PlacesAuto.Droid\Naxam.PlacesAuto.Droid.csproj", "{5C26359B-AEB6-4018-B3D7-C09904DE4F90}"
EndProject
Project("{FAE04EC0-301F-11D3-BF4B-00C04F79EFBC}") = "Naxam.PlacesAuto.DroidQs", "PlacesAuto.DroidQs\Naxam.PlacesAuto.DroidQs.csproj", "{7E23F3BE-8F51-4065-B84D-12594543EE18}"
EndProject
Global
	GlobalSection(SolutionConfigurationPlatforms) = preSolution
		Debug|Any CPU = Debug|Any CPU
		Release|Any CPU = Release|Any CPU
	EndGlobalSection
	GlobalSection(ProjectConfigurationPlatforms) = postSolution
		{5C26359B-AEB6-4018-B3D7-C09904DE4F90}.Debug|Any CPU.ActiveCfg = Debug|Any CPU
		{5C26359B-AEB6-4018-B3D7-C09904DE4F90}.Debug|Any CPU.Build.0 = Debug|Any CPU
		{5C26359B-AEB6-4018-B3D7-C09904DE4F90}.Release|Any CPU.ActiveCfg = Release|Any CPU
		{5C26359B-AEB6-4018-B3D7-C09904DE4F90}.Release|Any CPU.Build.0 = Release|Any CPU
		{7E23F3BE-8F51-4065-B84D-12594543EE18}.Debug|Any CPU.ActiveCfg = Debug|Any CPU
		{7E23F3BE-8F51-4065-B84D-12594543EE18}.Debug|Any CPU.Build.0 = Debug|Any CPU
		{7E23F3BE-8F51-4065-B84D-12594543EE18}.Release|Any CPU.ActiveCfg = Release|Any CPU
		{7E23F3BE-8F51-4065-B84D-12594543EE18}.Release|Any CPU.Build.0 = Release|Any CPU
	EndGlobalSection
EndGlobal
